
Microsoft Visual Studio Solution File, Format Version 12.00
# Visual Studio Version 16
VisualStudioVersion = 16.0.30804.86
MinimumVisualStudioVersion = 10.0.40219.1
Project("{FAE04EC0-301F-11D3-BF4B-00C04F79EFBC}") = "Heranca5_CSharp", "Heranca5_CSharp\Heranca5_CSharp.csproj", "{7DE7B169-0FE1-4CF8-A9CF-73C4577476A2}"
EndProject
Global
	GlobalSection(SolutionConfigurationPlatforms) = preSolution
		Debug|Any CPU = Debug|Any CPU
		Release|Any CPU = Release|Any CPU
	EndGlobalSection
	GlobalSection(ProjectConfigurationPlatforms) = postSolution
		{7DE7B169-0FE1-4CF8-A9CF-73C4577476A2}.Debug|Any CPU.ActiveCfg = Debug|Any CPU
		{7DE7B169-0FE1-4CF8-A9CF-73C4577476A2}.Debug|Any CPU.Build.0 = Debug|Any CPU
		{7DE7B169-0FE1-4CF8-A9CF-73C4577476A2}.Release|Any CPU.ActiveCfg = Release|Any CPU
		{7DE7B169-0FE1-4CF8-A9CF-73C4577476A2}.Release|Any CPU.Build.0 = Release|Any CPU
	EndGlobalSection
	GlobalSection(SolutionProperties) = preSolution
		HideSolutionNode = FALSE
	EndGlobalSection
	GlobalSection(ExtensibilityGlobals) = postSolution
		SolutionGuid = {C0EF44D1-5FB0-4424-A9A2-02AC3D8BA7E1}
	EndGlobalSection
EndGlobal
